
Microsoft Visual Studio Solution File, Format Version 12.00
# Visual Studio Version 17
VisualStudioVersion = 17.12.35521.163
MinimumVisualStudioVersion = 10.0.40219.1
Project("{FAE04EC0-301F-11D3-BF4B-00C04F79EFBC}") = "Domain", "Domain\Domain.csproj", "{31C7B647-1D43-4297-BB72-683016795592}"
EndProject
Project("{FAE04EC0-301F-11D3-BF4B-00C04F79EFBC}") = "Application", "Application\Application.csproj", "{1E2050A4-A639-4BC1-A7A2-CE4BC02FFFF4}"
EndProject
Project("{FAE04EC0-301F-11D3-BF4B-00C04F79EFBC}") = "SQLServer", "SQLServer\SQLServer.csproj", "{0DD3AFEB-D945-4391-B547-272DDAA996F3}"
EndProject
Project("{2150E333-8FDC-42A3-9474-1A3956D46DE8}") = "Core", "Core", "{FEA643F3-439E-44CD-8876-3A366FA4B791}"
EndProject
Project("{2150E333-8FDC-42A3-9474-1A3956D46DE8}") = "Infrastructure", "Infrastructure", "{FEFE548C-DC29-4EE1-805C-90882289C366}"
EndProject
Project("{FAE04EC0-301F-11D3-BF4B-00C04F79EFBC}") = "API", "API\API.csproj", "{C3849031-CDD6-4AB5-9D1E-EEA84BD1613E}"
EndProject
Global
	GlobalSection(SolutionConfigurationPlatforms) = preSolution
		Debug|Any CPU = Debug|Any CPU
		Release|Any CPU = Release|Any CPU
	EndGlobalSection
	GlobalSection(ProjectConfigurationPlatforms) = postSolution
		{31C7B647-1D43-4297-BB72-683016795592}.Debug|Any CPU.ActiveCfg = Debug|Any CPU
		{31C7B647-1D43-4297-BB72-683016795592}.Debug|Any CPU.Build.0 = Debug|Any CPU
		{31C7B647-1D43-4297-BB72-683016795592}.Release|Any CPU.ActiveCfg = Release|Any CPU
		{31C7B647-1D43-4297-BB72-683016795592}.Release|Any CPU.Build.0 = Release|Any CPU
		{1E2050A4-A639-4BC1-A7A2-CE4BC02FFFF4}.Debug|Any CPU.ActiveCfg = Debug|Any CPU
		{1E2050A4-A639-4BC1-A7A2-CE4BC02FFFF4}.Debug|Any CPU.Build.0 = Debug|Any CPU
		{1E2050A4-A639-4BC1-A7A2-CE4BC02FFFF4}.Release|Any CPU.ActiveCfg = Release|Any CPU
		{1E2050A4-A639-4BC1-A7A2-CE4BC02FFFF4}.Release|Any CPU.Build.0 = Release|Any CPU
		{0DD3AFEB-D945-4391-B547-272DDAA996F3}.Debug|Any CPU.ActiveCfg = Debug|Any CPU
		{0DD3AFEB-D945-4391-B547-272DDAA996F3}.Debug|Any CPU.Build.0 = Debug|Any CPU
		{0DD3AFEB-D945-4391-B547-272DDAA996F3}.Release|Any CPU.ActiveCfg = Release|Any CPU
		{0DD3AFEB-D945-4391-B547-272DDAA996F3}.Release|Any CPU.Build.0 = Release|Any CPU
		{C3849031-CDD6-4AB5-9D1E-EEA84BD1613E}.Debug|Any CPU.ActiveCfg = Debug|Any CPU
		{C3849031-CDD6-4AB5-9D1E-EEA84BD1613E}.Debug|Any CPU.Build.0 = Debug|Any CPU
		{C3849031-CDD6-4AB5-9D1E-EEA84BD1613E}.Release|Any CPU.ActiveCfg = Release|Any CPU
		{C3849031-CDD6-4AB5-9D1E-EEA84BD1613E}.Release|Any CPU.Build.0 = Release|Any CPU
	EndGlobalSection
	GlobalSection(SolutionProperties) = preSolution
		HideSolutionNode = FALSE
	EndGlobalSection
	GlobalSection(NestedProjects) = preSolution
		{31C7B647-1D43-4297-BB72-683016795592} = {FEA643F3-439E-44CD-8876-3A366FA4B791}
		{1E2050A4-A639-4BC1-A7A2-CE4BC02FFFF4} = {FEA643F3-439E-44CD-8876-3A366FA4B791}
		{0DD3AFEB-D945-4391-B547-272DDAA996F3} = {FEFE548C-DC29-4EE1-805C-90882289C366}
		{C3849031-CDD6-4AB5-9D1E-EEA84BD1613E} = {FEFE548C-DC29-4EE1-805C-90882289C366}
	EndGlobalSection
EndGlobal
